
Microsoft Visual Studio Solution File, Format Version 12.00
# Visual Studio Version 16
VisualStudioVersion = 16.0.30523.141
MinimumVisualStudioVersion = 10.0.40219.1
Project("{8BC9CEB8-8B4A-11D0-8D11-00A0C91BC942}") = "Calculator", "Calculator\Calculator.vcxproj", "{7852ACCD-74CB-47BD-9388-0F4B2C827F72}"
EndProject
Global
	GlobalSection(SolutionConfigurationPlatforms) = preSolution
		Debug|x64 = Debug|x64
		Debug|x86 = Debug|x86
		Release|x64 = Release|x64
		Release|x86 = Release|x86
	EndGlobalSection
	GlobalSection(ProjectConfigurationPlatforms) = postSolution
		{7852ACCD-74CB-47BD-9388-0F4B2C827F72}.Debug|x64.ActiveCfg = Debug|x64
		{7852ACCD-74CB-47BD-9388-0F4B2C827F72}.Debug|x64.Build.0 = Debug|x64
		{7852ACCD-74CB-47BD-9388-0F4B2C827F72}.Debug|x86.ActiveCfg = Debug|Win32
		{7852ACCD-74CB-47BD-9388-0F4B2C827F72}.Debug|x86.Build.0 = Debug|Win32
		{7852ACCD-74CB-47BD-9388-0F4B2C827F72}.Release|x64.ActiveCfg = Release|x64
		{7852ACCD-74CB-47BD-9388-0F4B2C827F72}.Release|x64.Build.0 = Release|x64
		{7852ACCD-74CB-47BD-9388-0F4B2C827F72}.Release|x86.ActiveCfg = Release|Win32
		{7852ACCD-74CB-47BD-9388-0F4B2C827F72}.Release|x86.Build.0 = Release|Win32
	EndGlobalSection
	GlobalSection(SolutionProperties) = preSolution
		HideSolutionNode = FALSE
	EndGlobalSection
	GlobalSection(ExtensibilityGlobals) = postSolution
		SolutionGuid = {A8BB96B5-BF96-409E-806C-5BCCDD2C2C1E}
	EndGlobalSection
EndGlobal
